{
  "name": "renovate",
  "version": "1.0.0",
  "lockfileVersion": 2,
  "requires": true,
  "packages": {
    "": {
      "name": "renovate",
      "version": "1.0.0",
      "license": "ISC",
      "dependencies": {
        "@aws-cdk/aws-apigatewayv2-alpha": "2.39.1-alpha.0",
        "@aws-cdk/aws-apigatewayv2-integrations-alpha": "2.39.1-alpha.0",
        "cloudstructs": "0.6.12"
      },
      "engines": {
        "node": "=v14.20.1"
      }
    },
    "node_modules/@aws-cdk/aws-apigatewayv2-alpha": {
      "version": "2.39.1-alpha.0",
      "resolved": "https://registry.npmjs.org/@aws-cdk/aws-apigatewayv2-alpha/-/aws-apigatewayv2-alpha-2.39.1-alpha.0.tgz",
      "integrity": "sha512-R5Kv7wfwEigDSpS6UzULtm3Ml7mrA6NXyThOj1wzlfTUwanarFF4iEPClWxgfkZTYVYZ3y0+xSmws5B0hJ/DWw==",
      "engines": {
        "node": ">= 14.15.0"
      },
      "peerDependencies": {
        "aws-cdk-lib": "^2.39.1",
        "constructs": "^10.0.0"
      }
    },
    "node_modules/@aws-cdk/aws-apigatewayv2-integrations-alpha": {
      "version": "2.39.1-alpha.0",
      "resolved": "https://registry.npmjs.org/@aws-cdk/aws-apigatewayv2-integrations-alpha/-/aws-apigatewayv2-integrations-alpha-2.39.1-alpha.0.tgz",
      "integrity": "sha512-xWtGsjdIwG9W8lQRsBqSQhlG+4vLJ/rJ+EwtEgfy4OSjdZR2/eRkPcN8rT4/KwXq/tnqUBuOAvyq229+aLpFhw==",
      "engines": {
        "node": ">= 14.15.0"
      },
      "peerDependencies": {
        "@aws-cdk/aws-apigatewayv2-alpha": "2.39.1-alpha.0",
        "aws-cdk-lib": "^2.39.1",
        "constructs": "^10.0.0"
      }
    },
    "node_modules/aws-cdk-lib": {
      "version": "2.50.0",
      "resolved": "https://registry.npmjs.org/aws-cdk-lib/-/aws-cdk-lib-2.50.0.tgz",
      "integrity": "sha512-deDbZTI7oyu3rqUyqjwhP6tnUO8MD70lE98yR65xiYty4yXBpsWKbeH3s1wNLpLAWS3hWJYyMtjZ4ZfC35NtVg==",
      "bundleDependencies": [
        "@balena/dockerignore",
        "case",
        "fs-extra",
        "ignore",
        "jsonschema",
        "minimatch",
        "punycode",
        "semver",
        "yaml"
      ],
      "peer": true,
      "dependencies": {
        "@balena/dockerignore": "^1.0.2",
        "case": "1.6.3",
        "fs-extra": "^9.1.0",
        "ignore": "^5.2.0",
        "jsonschema": "^1.4.1",
        "minimatch": "^3.1.2",
        "punycode": "^2.1.1",
        "semver": "^7.3.8",
        "yaml": "1.10.2"
      },
      "engines": {
        "node": ">= 14.15.0"
      },
      "peerDependencies": {
        "constructs": "^10.0.0"
      }
    },
    "node_modules/aws-cdk-lib/node_modules/@balena/dockerignore": {
      "version": "1.0.2",
      "inBundle": true,
      "license": "Apache-2.0",
      "peer": true
    },
    "node_modules/aws-cdk-lib/node_modules/at-least-node": {
      "version": "1.0.0",
      "inBundle": true,
      "license": "ISC",
      "peer": true,
      "engines": {
        "node": ">= 4.0.0"
      }
    },
    "node_modules/aws-cdk-lib/node_modules/balanced-match": {
      "version": "1.0.2",
      "inBundle": true,
      "license": "MIT",
      "peer": true
    },
    "node_modules/aws-cdk-lib/node_modules/brace-expansion": {
      "version": "1.1.11",
      "inBundle": true,
      "license": "MIT",
      "peer": true,
      "dependencies": {
        "balanced-match": "^1.0.0",
        "concat-map": "0.0.1"
      }
    },
    "node_modules/aws-cdk-lib/node_modules/case": {
      "version": "1.6.3",
      "inBundle": true,
      "license": "(MIT OR GPL-3.0-or-later)",
      "peer": true,
      "engines": {
        "node": ">= 0.8.0"
      }
    },
    "node_modules/aws-cdk-lib/node_modules/concat-map": {
      "version": "0.0.1",
      "inBundle": true,
      "license": "MIT",
      "peer": true
    },
    "node_modules/aws-cdk-lib/node_modules/fs-extra": {
      "version": "9.1.0",
      "inBundle": true,
      "license": "MIT",
      "peer": true,
      "dependencies": {
        "at-least-node": "^1.0.0",
        "graceful-fs": "^4.2.0",
        "jsonfile": "^6.0.1",
        "universalify": "^2.0.0"
      },
      "engines": {
        "node": ">=10"
      }
    },
    "node_modules/aws-cdk-lib/node_modules/graceful-fs": {
      "version": "4.2.10",
      "inBundle": true,
      "license": "ISC",
      "peer": true
    },
    "node_modules/aws-cdk-lib/node_modules/ignore": {
      "version": "5.2.0",
      "inBundle": true,
      "license": "MIT",
      "peer": true,
      "engines": {
        "node": ">= 4"
      }
    },
    "node_modules/aws-cdk-lib/node_modules/jsonfile": {
      "version": "6.1.0",
      "inBundle": true,
      "license": "MIT",
      "peer": true,
      "dependencies": {
        "universalify": "^2.0.0"
      },
      "optionalDependencies": {
        "graceful-fs": "^4.1.6"
      }
    },
    "node_modules/aws-cdk-lib/node_modules/jsonschema": {
      "version": "1.4.1",
      "inBundle": true,
      "license": "MIT",
      "peer": true,
      "engines": {
        "node": "*"
      }
    },
    "node_modules/aws-cdk-lib/node_modules/lru-cache": {
      "version": "6.0.0",
      "inBundle": true,
      "license": "ISC",
      "peer": true,
      "dependencies": {
        "yallist": "^4.0.0"
      },
      "engines": {
        "node": ">=10"
      }
    },
    "node_modules/aws-cdk-lib/node_modules/minimatch": {
      "version": "3.1.2",
      "inBundle": true,
      "license": "ISC",
      "peer": true,
      "dependencies": {
        "brace-expansion": "^1.1.7"
      },
      "engines": {
        "node": "*"
      }
    },
    "node_modules/aws-cdk-lib/node_modules/punycode": {
      "version": "2.1.1",
      "inBundle": true,
      "license": "MIT",
      "peer": true,
      "engines": {
        "node": ">=6"
      }
    },
    "node_modules/aws-cdk-lib/node_modules/semver": {
      "version": "7.3.8",
      "inBundle": true,
      "license": "ISC",
      "peer": true,
      "dependencies": {
        "lru-cache": "^6.0.0"
      },
      "bin": {
        "semver": "bin/semver.js"
      },
      "engines": {
        "node": ">=10"
      }
    },
    "node_modules/aws-cdk-lib/node_modules/universalify": {
      "version": "2.0.0",
      "inBundle": true,
      "license": "MIT",
      "peer": true,
      "engines": {
        "node": ">= 10.0.0"
      }
    },
    "node_modules/aws-cdk-lib/node_modules/yallist": {
      "version": "4.0.0",
      "inBundle": true,
      "license": "ISC",
      "peer": true
    },
    "node_modules/aws-cdk-lib/node_modules/yaml": {
      "version": "1.10.2",
      "inBundle": true,
      "license": "ISC",
      "peer": true,
      "engines": {
        "node": ">= 6"
      }
    },
    "node_modules/cloudstructs": {
      "version": "0.6.12",
      "resolved": "https://registry.npmjs.org/cloudstructs/-/cloudstructs-0.6.12.tgz",
      "integrity": "sha512-48ztkj1OFNLJqPmBvVxgpeZouKab6QvW6qcTihRDcwzMShGJp5MKOP3MaFYbZ6ioUz+vffgrUBqOgEarU+Uh+Q==",
      "bundleDependencies": [
        "@slack/web-api",
        "got"
      ],
      "dependencies": {
        "@slack/web-api": "^5.15.0",
        "got": "^11.8.5"
      },
      "peerDependencies": {
        "@aws-cdk/aws-apigatewayv2-alpha": "^2.1.0-alpha.0",
        "@aws-cdk/aws-apigatewayv2-integrations-alpha": "^2.1.0-alpha.0",
        "aws-cdk-lib": "^2.1.0",
        "constructs": "^10.0.5"
      }
    },
    "node_modules/cloudstructs/node_modules/@sindresorhus/is": {
      "version": "4.6.0",
      "inBundle": true,
      "license": "MIT",
      "engines": {
        "node": ">=10"
      },
      "funding": {
        "url": "https://github.com/sindresorhus/is?sponsor=1"
      }
    },
    "node_modules/cloudstructs/node_modules/@slack/logger": {
      "version": "2.0.0",
      "inBundle": true,
      "license": "MIT",
      "dependencies": {
        "@types/node": ">=8.9.0"
      },
      "engines": {
        "node": ">= 8.9.0",
        "npm": ">= 5.5.1"
      }
    },
    "node_modules/cloudstructs/node_modules/@slack/logger/node_modules/@types/node": {
      "version": "18.11.9",
      "inBundle": true,
      "license": "MIT"
    },
    "node_modules/cloudstructs/node_modules/@slack/types": {
      "version": "1.10.0",
      "inBundle": true,
      "license": "MIT",
      "engines": {
        "node": ">= 8.9.0",
        "npm": ">= 5.5.1"
      }
    },
    "node_modules/cloudstructs/node_modules/@slack/web-api": {
      "version": "5.15.0",
      "inBundle": true,
      "license": "MIT",
      "dependencies": {
        "@slack/logger": ">=1.0.0 <3.0.0",
        "@slack/types": "^1.7.0",
        "@types/is-stream": "^1.1.0",
        "@types/node": ">=8.9.0",
        "axios": "^0.21.1",
        "eventemitter3": "^3.1.0",
        "form-data": "^2.5.0",
        "is-stream": "^1.1.0",
        "p-queue": "^6.6.1",
        "p-retry": "^4.0.0"
      },
      "engines": {
        "node": ">= 8.9.0",
        "npm": ">= 5.5.1"
      }
    },
    "node_modules/cloudstructs/node_modules/@slack/web-api/node_modules/@types/node": {
      "version": "18.11.9",
      "inBundle": true,
      "license": "MIT"
    },
    "node_modules/cloudstructs/node_modules/@szmarczak/http-timer": {
      "version": "4.0.6",
      "inBundle": true,
      "license": "MIT",
      "dependencies": {
        "defer-to-connect": "^2.0.0"
      },
      "engines": {
        "node": ">=10"
      }
    },
    "node_modules/cloudstructs/node_modules/@types/cacheable-request": {
      "version": "6.0.2",
      "inBundle": true,
      "license": "MIT",
      "dependencies": {
        "@types/http-cache-semantics": "*",
        "@types/keyv": "*",
        "@types/node": "*",
        "@types/responselike": "*"
      }
    },
    "node_modules/cloudstructs/node_modules/@types/cacheable-request/node_modules/@types/node": {
      "version": "18.11.9",
      "inBundle": true,
      "license": "MIT"
    },
    "node_modules/cloudstructs/node_modules/@types/http-cache-semantics": {
      "version": "4.0.1",
      "inBundle": true,
      "license": "MIT"
    },
    "node_modules/cloudstructs/node_modules/@types/is-stream": {
      "version": "1.1.0",
      "inBundle": true,
      "license": "MIT",
      "dependencies": {
        "@types/node": "*"
      }
    },
    "node_modules/cloudstructs/node_modules/@types/is-stream/node_modules/@types/node": {
      "version": "18.11.9",
      "inBundle": true,
      "license": "MIT"
    },
    "node_modules/cloudstructs/node_modules/@types/keyv": {
      "version": "4.2.0",
      "deprecated": "This is a stub types definition. keyv provides its own type definitions, so you do not need this installed.",
      "inBundle": true,
      "license": "MIT",
      "dependencies": {
        "keyv": "*"
      }
    },
    "node_modules/cloudstructs/node_modules/@types/responselike": {
      "version": "1.0.0",
      "inBundle": true,
      "license": "MIT",
      "dependencies": {
        "@types/node": "*"
      }
    },
    "node_modules/cloudstructs/node_modules/@types/responselike/node_modules/@types/node": {
      "version": "18.11.9",
      "inBundle": true,
      "license": "MIT"
    },
    "node_modules/cloudstructs/node_modules/@types/retry": {
      "version": "0.12.0",
      "inBundle": true,
      "license": "MIT"
    },
    "node_modules/cloudstructs/node_modules/asynckit": {
      "version": "0.4.0",
      "inBundle": true,
      "license": "MIT"
    },
    "node_modules/cloudstructs/node_modules/axios": {
      "version": "0.21.4",
      "inBundle": true,
      "license": "MIT",
      "dependencies": {
        "follow-redirects": "^1.14.0"
      }
    },
    "node_modules/cloudstructs/node_modules/cacheable-lookup": {
      "version": "5.0.4",
      "inBundle": true,
      "license": "MIT",
      "engines": {
        "node": ">=10.6.0"
      }
    },
    "node_modules/cloudstructs/node_modules/cacheable-request": {
      "version": "7.0.2",
      "inBundle": true,
      "license": "MIT",
      "dependencies": {
        "clone-response": "^1.0.2",
        "get-stream": "^5.1.0",
        "http-cache-semantics": "^4.0.0",
        "keyv": "^4.0.0",
        "lowercase-keys": "^2.0.0",
        "normalize-url": "^6.0.1",
        "responselike": "^2.0.0"
      },
      "engines": {
        "node": ">=8"
      }
    },
    "node_modules/cloudstructs/node_modules/cacheable-request/node_modules/get-stream": {
      "version": "5.2.0",
      "inBundle": true,
      "license": "MIT",
      "dependencies": {
        "pump": "^3.0.0"
      },
      "engines": {
        "node": ">=8"
      },
      "funding": {
        "url": "https://github.com/sponsors/sindresorhus"
      }
    },
    "node_modules/cloudstructs/node_modules/clone-response": {
      "version": "1.0.3",
      "inBundle": true,
      "license": "MIT",
      "dependencies": {
        "mimic-response": "^1.0.0"
      },
      "funding": {
        "url": "https://github.com/sponsors/sindresorhus"
      }
    },
    "node_modules/cloudstructs/node_modules/clone-response/node_modules/mimic-response": {
      "version": "1.0.1",
      "inBundle": true,
      "license": "MIT",
      "engines": {
        "node": ">=4"
      }
    },
    "node_modules/cloudstructs/node_modules/combined-stream": {
      "version": "1.0.8",
      "inBundle": true,
      "license": "MIT",
      "dependencies": {
        "delayed-stream": "~1.0.0"
      },
      "engines": {
        "node": ">= 0.8"
      }
    },
    "node_modules/cloudstructs/node_modules/decompress-response": {
      "version": "6.0.0",
      "inBundle": true,
      "license": "MIT",
      "dependencies": {
        "mimic-response": "^3.1.0"
      },
      "engines": {
        "node": ">=10"
      },
      "funding": {
        "url": "https://github.com/sponsors/sindresorhus"
      }
    },
    "node_modules/cloudstructs/node_modules/defer-to-connect": {
      "version": "2.0.1",
      "inBundle": true,
      "license": "MIT",
      "engines": {
        "node": ">=10"
      }
    },
    "node_modules/cloudstructs/node_modules/delayed-stream": {
      "version": "1.0.0",
      "inBundle": true,
      "license": "MIT",
      "engines": {
        "node": ">=0.4.0"
      }
    },
    "node_modules/cloudstructs/node_modules/end-of-stream": {
      "version": "1.4.4",
      "inBundle": true,
      "license": "MIT",
      "dependencies": {
        "once": "^1.4.0"
      }
    },
    "node_modules/cloudstructs/node_modules/eventemitter3": {
      "version": "3.1.2",
      "inBundle": true,
      "license": "MIT"
    },
    "node_modules/cloudstructs/node_modules/follow-redirects": {
      "version": "1.15.2",
      "funding": [
        {
          "type": "individual",
          "url": "https://github.com/sponsors/RubenVerborgh"
        }
      ],
      "inBundle": true,
      "license": "MIT",
      "engines": {
        "node": ">=4.0"
      },
      "peerDependenciesMeta": {
        "debug": {
          "optional": true
        }
      }
    },
    "node_modules/cloudstructs/node_modules/form-data": {
      "version": "2.5.1",
      "inBundle": true,
      "license": "MIT",
      "dependencies": {
        "asynckit": "^0.4.0",
        "combined-stream": "^1.0.6",
        "mime-types": "^2.1.12"
      },
      "engines": {
        "node": ">= 0.12"
      }
    },
    "node_modules/cloudstructs/node_modules/got": {
      "version": "11.8.5",
      "inBundle": true,
      "license": "MIT",
      "dependencies": {
        "@sindresorhus/is": "^4.0.0",
        "@szmarczak/http-timer": "^4.0.5",
        "@types/cacheable-request": "^6.0.1",
        "@types/responselike": "^1.0.0",
        "cacheable-lookup": "^5.0.3",
        "cacheable-request": "^7.0.2",
        "decompress-response": "^6.0.0",
        "http2-wrapper": "^1.0.0-beta.5.2",
        "lowercase-keys": "^2.0.0",
        "p-cancelable": "^2.0.0",
        "responselike": "^2.0.0"
      },
      "engines": {
        "node": ">=10.19.0"
      },
      "funding": {
        "url": "https://github.com/sindresorhus/got?sponsor=1"
      }
    },
    "node_modules/cloudstructs/node_modules/http-cache-semantics": {
      "version": "4.1.0",
      "inBundle": true,
      "license": "BSD-2-Clause"
    },
    "node_modules/cloudstructs/node_modules/http2-wrapper": {
      "version": "1.0.3",
      "inBundle": true,
      "license": "MIT",
      "dependencies": {
        "quick-lru": "^5.1.1",
        "resolve-alpn": "^1.0.0"
      },
      "engines": {
        "node": ">=10.19.0"
      }
    },
    "node_modules/cloudstructs/node_modules/is-stream": {
      "version": "1.1.0",
      "inBundle": true,
      "license": "MIT",
      "engines": {
        "node": ">=0.10.0"
      }
    },
    "node_modules/cloudstructs/node_modules/json-buffer": {
      "version": "3.0.1",
      "inBundle": true,
      "license": "MIT"
    },
    "node_modules/cloudstructs/node_modules/keyv": {
      "version": "4.5.0",
      "inBundle": true,
      "license": "MIT",
      "dependencies": {
        "json-buffer": "3.0.1"
      }
    },
    "node_modules/cloudstructs/node_modules/lowercase-keys": {
      "version": "2.0.0",
      "inBundle": true,
      "license": "MIT",
      "engines": {
        "node": ">=8"
      }
    },
    "node_modules/cloudstructs/node_modules/mime-db": {
      "version": "1.52.0",
      "inBundle": true,
      "license": "MIT",
      "engines": {
        "node": ">= 0.6"
      }
    },
    "node_modules/cloudstructs/node_modules/mime-types": {
      "version": "2.1.35",
      "inBundle": true,
      "license": "MIT",
      "dependencies": {
        "mime-db": "1.52.0"
      },
      "engines": {
        "node": ">= 0.6"
      }
    },
    "node_modules/cloudstructs/node_modules/mimic-response": {
      "version": "3.1.0",
      "inBundle": true,
      "license": "MIT",
      "engines": {
        "node": ">=10"
      },
      "funding": {
        "url": "https://github.com/sponsors/sindresorhus"
      }
    },
    "node_modules/cloudstructs/node_modules/normalize-url": {
      "version": "6.1.0",
      "inBundle": true,
      "license": "MIT",
      "engines": {
        "node": ">=10"
      },
      "funding": {
        "url": "https://github.com/sponsors/sindresorhus"
      }
    },
    "node_modules/cloudstructs/node_modules/once": {
      "version": "1.4.0",
      "inBundle": true,
      "license": "ISC",
      "dependencies": {
        "wrappy": "1"
      }
    },
    "node_modules/cloudstructs/node_modules/p-cancelable": {
      "version": "2.1.1",
      "inBundle": true,
      "license": "MIT",
      "engines": {
        "node": ">=8"
      }
    },
    "node_modules/cloudstructs/node_modules/p-finally": {
      "version": "1.0.0",
      "inBundle": true,
      "license": "MIT",
      "engines": {
        "node": ">=4"
      }
    },
    "node_modules/cloudstructs/node_modules/p-queue": {
      "version": "6.6.2",
      "inBundle": true,
      "license": "MIT",
      "dependencies": {
        "eventemitter3": "^4.0.4",
        "p-timeout": "^3.2.0"
      },
      "engines": {
        "node": ">=8"
      },
      "funding": {
        "url": "https://github.com/sponsors/sindresorhus"
      }
    },
    "node_modules/cloudstructs/node_modules/p-queue/node_modules/eventemitter3": {
      "version": "4.0.7",
      "inBundle": true,
      "license": "MIT"
    },
    "node_modules/cloudstructs/node_modules/p-retry": {
      "version": "4.6.2",
      "inBundle": true,
      "license": "MIT",
      "dependencies": {
        "@types/retry": "0.12.0",
        "retry": "^0.13.1"
      },
      "engines": {
        "node": ">=8"
      }
    },
    "node_modules/cloudstructs/node_modules/p-timeout": {
      "version": "3.2.0",
      "inBundle": true,
      "license": "MIT",
      "dependencies": {
        "p-finally": "^1.0.0"
      },
      "engines": {
        "node": ">=8"
      }
    },
    "node_modules/cloudstructs/node_modules/pump": {
      "version": "3.0.0",
      "inBundle": true,
      "license": "MIT",
      "dependencies": {
        "end-of-stream": "^1.1.0",
        "once": "^1.3.1"
      }
    },
    "node_modules/cloudstructs/node_modules/quick-lru": {
      "version": "5.1.1",
      "inBundle": true,
      "license": "MIT",
      "engines": {
        "node": ">=10"
      },
      "funding": {
        "url": "https://github.com/sponsors/sindresorhus"
      }
    },
    "node_modules/cloudstructs/node_modules/resolve-alpn": {
      "version": "1.2.1",
      "inBundle": true,
      "license": "MIT"
    },
    "node_modules/cloudstructs/node_modules/responselike": {
      "version": "2.0.1",
      "inBundle": true,
      "license": "MIT",
      "dependencies": {
        "lowercase-keys": "^2.0.0"
      },
      "funding": {
        "url": "https://github.com/sponsors/sindresorhus"
      }
    },
    "node_modules/cloudstructs/node_modules/retry": {
      "version": "0.13.1",
      "inBundle": true,
      "license": "MIT",
      "engines": {
        "node": ">= 4"
      }
    },
    "node_modules/cloudstructs/node_modules/wrappy": {
      "version": "1.0.2",
      "inBundle": true,
      "license": "ISC"
    },
    "node_modules/constructs": {
      "version": "10.1.161",
      "resolved": "https://registry.npmjs.org/constructs/-/constructs-10.1.161.tgz",
      "integrity": "sha512-+g6J5m6iAdrflfdbKlL1+5/RNyPvOmI+Quua/q85Ak65XuvrGGOTujAXcbQxYGNhwWJj4TCje6SsrJMcVpLfNQ==",
      "peer": true,
      "engines": {
        "node": ">= 14.17.0"
      }
    }
  },
  "dependencies": {
    "@aws-cdk/aws-apigatewayv2-alpha": {
      "version": "2.39.1-alpha.0",
      "resolved": "https://registry.npmjs.org/@aws-cdk/aws-apigatewayv2-alpha/-/aws-apigatewayv2-alpha-2.39.1-alpha.0.tgz",
      "integrity": "sha512-R5Kv7wfwEigDSpS6UzULtm3Ml7mrA6NXyThOj1wzlfTUwanarFF4iEPClWxgfkZTYVYZ3y0+xSmws5B0hJ/DWw==",
      "requires": {}
    },
    "@aws-cdk/aws-apigatewayv2-integrations-alpha": {
      "version": "2.39.1-alpha.0",
      "resolved": "https://registry.npmjs.org/@aws-cdk/aws-apigatewayv2-integrations-alpha/-/aws-apigatewayv2-integrations-alpha-2.39.1-alpha.0.tgz",
      "integrity": "sha512-xWtGsjdIwG9W8lQRsBqSQhlG+4vLJ/rJ+EwtEgfy4OSjdZR2/eRkPcN8rT4/KwXq/tnqUBuOAvyq229+aLpFhw==",
      "requires": {}
    },
    "aws-cdk-lib": {
      "version": "2.50.0",
      "resolved": "https://registry.npmjs.org/aws-cdk-lib/-/aws-cdk-lib-2.50.0.tgz",
      "integrity": "sha512-deDbZTI7oyu3rqUyqjwhP6tnUO8MD70lE98yR65xiYty4yXBpsWKbeH3s1wNLpLAWS3hWJYyMtjZ4ZfC35NtVg==",
      "peer": true,
      "requires": {
        "@balena/dockerignore": "^1.0.2",
        "case": "1.6.3",
        "fs-extra": "^9.1.0",
        "ignore": "^5.2.0",
        "jsonschema": "^1.4.1",
        "minimatch": "^3.1.2",
        "punycode": "^2.1.1",
        "semver": "^7.3.8",
        "yaml": "1.10.2"
      },
      "dependencies": {
        "@balena/dockerignore": {
          "version": "1.0.2",
          "bundled": true,
          "peer": true
        },
        "at-least-node": {
          "version": "1.0.0",
          "bundled": true,
          "peer": true
        },
        "balanced-match": {
          "version": "1.0.2",
          "bundled": true,
          "peer": true
        },
        "brace-expansion": {
          "version": "1.1.11",
          "bundled": true,
          "peer": true,
          "requires": {
            "balanced-match": "^1.0.0",
            "concat-map": "0.0.1"
          }
        },
        "case": {
          "version": "1.6.3",
          "bundled": true,
          "peer": true
        },
        "concat-map": {
          "version": "0.0.1",
          "bundled": true,
          "peer": true
        },
        "fs-extra": {
          "version": "9.1.0",
          "bundled": true,
          "peer": true,
          "requires": {
            "at-least-node": "^1.0.0",
            "graceful-fs": "^4.2.0",
            "jsonfile": "^6.0.1",
            "universalify": "^2.0.0"
          }
        },
        "graceful-fs": {
          "version": "4.2.10",
          "bundled": true,
          "peer": true
        },
        "ignore": {
          "version": "5.2.0",
          "bundled": true,
          "peer": true
        },
        "jsonfile": {
          "version": "6.1.0",
          "bundled": true,
          "peer": true,
          "requires": {
            "graceful-fs": "^4.1.6",
            "universalify": "^2.0.0"
          }
        },
        "jsonschema": {
          "version": "1.4.1",
          "bundled": true,
          "peer": true
        },
        "lru-cache": {
          "version": "6.0.0",
          "bundled": true,
          "peer": true,
          "requires": {
            "yallist": "^4.0.0"
          }
        },
        "minimatch": {
          "version": "3.1.2",
          "bundled": true,
          "peer": true,
          "requires": {
            "brace-expansion": "^1.1.7"
          }
        },
        "punycode": {
          "version": "2.1.1",
          "bundled": true,
          "peer": true
        },
        "semver": {
          "version": "7.3.8",
          "bundled": true,
          "peer": true,
          "requires": {
            "lru-cache": "^6.0.0"
          }
        },
        "universalify": {
          "version": "2.0.0",
          "bundled": true,
          "peer": true
        },
        "yallist": {
          "version": "4.0.0",
          "bundled": true,
          "peer": true
        },
        "yaml": {
          "version": "1.10.2",
          "bundled": true,
          "peer": true
        }
      }
    },
    "cloudstructs": {
      "version": "0.6.12",
      "resolved": "https://registry.npmjs.org/cloudstructs/-/cloudstructs-0.6.12.tgz",
      "integrity": "sha512-48ztkj1OFNLJqPmBvVxgpeZouKab6QvW6qcTihRDcwzMShGJp5MKOP3MaFYbZ6ioUz+vffgrUBqOgEarU+Uh+Q==",
      "requires": {
        "@slack/web-api": "^5.15.0",
        "got": "^11.8.5"
      },
      "dependencies": {
        "@sindresorhus/is": {
          "version": "4.6.0",
          "bundled": true
        },
        "@slack/logger": {
          "version": "2.0.0",
          "bundled": true,
          "requires": {
            "@types/node": ">=8.9.0"
          },
          "dependencies": {
            "@types/node": {
              "version": "18.11.9",
              "bundled": true
            }
          }
        },
        "@slack/types": {
          "version": "1.10.0",
          "bundled": true
        },
        "@slack/web-api": {
          "version": "5.15.0",
          "bundled": true,
          "requires": {
            "@slack/logger": ">=1.0.0 <3.0.0",
            "@slack/types": "^1.7.0",
            "@types/is-stream": "^1.1.0",
            "@types/node": ">=8.9.0",
            "axios": "^0.21.1",
            "eventemitter3": "^3.1.0",
            "form-data": "^2.5.0",
            "is-stream": "^1.1.0",
            "p-queue": "^6.6.1",
            "p-retry": "^4.0.0"
          },
          "dependencies": {
            "@types/node": {
              "version": "18.11.9",
              "bundled": true
            }
          }
        },
        "@szmarczak/http-timer": {
          "version": "4.0.6",
          "bundled": true,
          "requires": {
            "defer-to-connect": "^2.0.0"
          }
        },
        "@types/cacheable-request": {
          "version": "6.0.2",
          "bundled": true,
          "requires": {
            "@types/http-cache-semantics": "*",
            "@types/keyv": "*",
            "@types/node": "*",
            "@types/responselike": "*"
          },
          "dependencies": {
            "@types/node": {
              "version": "18.11.9",
              "bundled": true
            }
          }
        },
        "@types/http-cache-semantics": {
          "version": "4.0.1",
          "bundled": true
        },
        "@types/is-stream": {
          "version": "1.1.0",
          "bundled": true,
          "requires": {
            "@types/node": "*"
          },
          "dependencies": {
            "@types/node": {
              "version": "18.11.9",
              "bundled": true
            }
          }
        },
        "@types/keyv": {
          "version": "4.2.0",
          "bundled": true,
          "requires": {
            "keyv": "*"
          }
        },
        "@types/responselike": {
          "version": "1.0.0",
          "bundled": true,
          "requires": {
            "@types/node": "*"
          },
          "dependencies": {
            "@types/node": {
              "version": "18.11.9",
              "bundled": true
            }
          }
        },
        "@types/retry": {
          "version": "0.12.0",
          "bundled": true
        },
        "asynckit": {
          "version": "0.4.0",
          "bundled": true
        },
        "axios": {
          "version": "0.21.4",
          "bundled": true,
          "requires": {
            "follow-redirects": "^1.14.0"
          }
        },
        "cacheable-lookup": {
          "version": "5.0.4",
          "bundled": true
        },
        "cacheable-request": {
          "version": "7.0.2",
          "bundled": true,
          "requires": {
            "clone-response": "^1.0.2",
            "get-stream": "^5.1.0",
            "http-cache-semantics": "^4.0.0",
            "keyv": "^4.0.0",
            "lowercase-keys": "^2.0.0",
            "normalize-url": "^6.0.1",
            "responselike": "^2.0.0"
          },
          "dependencies": {
            "get-stream": {
              "version": "5.2.0",
              "bundled": true,
              "requires": {
                "pump": "^3.0.0"
              }
            }
          }
        },
        "clone-response": {
          "version": "1.0.3",
          "bundled": true,
          "requires": {
            "mimic-response": "^1.0.0"
          },
          "dependencies": {
            "mimic-response": {
              "version": "1.0.1",
              "bundled": true
            }
          }
        },
        "combined-stream": {
          "version": "1.0.8",
          "bundled": true,
          "requires": {
            "delayed-stream": "~1.0.0"
          }
        },
        "decompress-response": {
          "version": "6.0.0",
          "bundled": true,
          "requires": {
            "mimic-response": "^3.1.0"
          }
        },
        "defer-to-connect": {
          "version": "2.0.1",
          "bundled": true
        },
        "delayed-stream": {
          "version": "1.0.0",
          "bundled": true
        },
        "end-of-stream": {
          "version": "1.4.4",
          "bundled": true,
          "requires": {
            "once": "^1.4.0"
          }
        },
        "eventemitter3": {
          "version": "3.1.2",
          "bundled": true
        },
        "follow-redirects": {
          "version": "1.15.2",
          "bundled": true
        },
        "form-data": {
          "version": "2.5.1",
          "bundled": true,
          "requires": {
            "asynckit": "^0.4.0",
            "combined-stream": "^1.0.6",
            "mime-types": "^2.1.12"
          }
        },
        "got": {
          "version": "11.8.5",
          "bundled": true,
          "requires": {
            "@sindresorhus/is": "^4.0.0",
            "@szmarczak/http-timer": "^4.0.5",
            "@types/cacheable-request": "^6.0.1",
            "@types/responselike": "^1.0.0",
            "cacheable-lookup": "^5.0.3",
            "cacheable-request": "^7.0.2",
            "decompress-response": "^6.0.0",
            "http2-wrapper": "^1.0.0-beta.5.2",
            "lowercase-keys": "^2.0.0",
            "p-cancelable": "^2.0.0",
            "responselike": "^2.0.0"
          }
        },
        "http-cache-semantics": {
          "version": "4.1.0",
          "bundled": true
        },
        "http2-wrapper": {
          "version": "1.0.3",
          "bundled": true,
          "requires": {
            "quick-lru": "^5.1.1",
            "resolve-alpn": "^1.0.0"
          }
        },
        "is-stream": {
          "version": "1.1.0",
          "bundled": true
        },
        "json-buffer": {
          "version": "3.0.1",
          "bundled": true
        },
        "keyv": {
          "version": "4.5.0",
          "bundled": true,
          "requires": {
            "json-buffer": "3.0.1"
          }
        },
        "lowercase-keys": {
          "version": "2.0.0",
          "bundled": true
        },
        "mime-db": {
          "version": "1.52.0",
          "bundled": true
        },
        "mime-types": {
          "version": "2.1.35",
          "bundled": true,
          "requires": {
            "mime-db": "1.52.0"
          }
        },
        "mimic-response": {
          "version": "3.1.0",
          "bundled": true
        },
        "normalize-url": {
          "version": "6.1.0",
          "bundled": true
        },
        "once": {
          "version": "1.4.0",
          "bundled": true,
          "requires": {
            "wrappy": "1"
          }
        },
        "p-cancelable": {
          "version": "2.1.1",
          "bundled": true
        },
        "p-finally": {
          "version": "1.0.0",
          "bundled": true
        },
        "p-queue": {
          "version": "6.6.2",
          "bundled": true,
          "requires": {
            "eventemitter3": "^4.0.4",
            "p-timeout": "^3.2.0"
          },
          "dependencies": {
            "eventemitter3": {
              "version": "4.0.7",
              "bundled": true
            }
          }
        },
        "p-retry": {
          "version": "4.6.2",
          "bundled": true,
          "requires": {
            "@types/retry": "0.12.0",
            "retry": "^0.13.1"
          }
        },
        "p-timeout": {
          "version": "3.2.0",
          "bundled": true,
          "requires": {
            "p-finally": "^1.0.0"
          }
        },
        "pump": {
          "version": "3.0.0",
          "bundled": true,
          "requires": {
            "end-of-stream": "^1.1.0",
            "once": "^1.3.1"
          }
        },
        "quick-lru": {
          "version": "5.1.1",
          "bundled": true
        },
        "resolve-alpn": {
          "version": "1.2.1",
          "bundled": true
        },
        "responselike": {
          "version": "2.0.1",
          "bundled": true,
          "requires": {
            "lowercase-keys": "^2.0.0"
          }
        },
        "retry": {
          "version": "0.13.1",
          "bundled": true
        },
        "wrappy": {
          "version": "1.0.2",
          "bundled": true
        }
      }
    },
    "constructs": {
      "version": "10.1.161",
      "resolved": "https://registry.npmjs.org/constructs/-/constructs-10.1.161.tgz",
      "integrity": "sha512-+g6J5m6iAdrflfdbKlL1+5/RNyPvOmI+Quua/q85Ak65XuvrGGOTujAXcbQxYGNhwWJj4TCje6SsrJMcVpLfNQ==",
      "peer": true
    }
  }
}
